// !$*UTF8*$!
{
	archiveVersion = 1;
	classes = {
	};
	objectVersion = 50;
	objects = {

/* Begin PBXBuildFile section */
		D06F6A7A2154E20F00997599 /* AppDelegate.swift in Sources */ = {isa = PBXBuildFile; fileRef = D06F6A792154E20F00997599 /* AppDelegate.swift */; };
		D06F6A7C2154E20F00997599 /* ViewController.swift in Sources */ = {isa = PBXBuildFile; fileRef = D06F6A7B2154E20F00997599 /* ViewController.swift */; };
		D06F6A7F2154E20F00997599 /* Main.storyboard in Resources */ = {isa = PBXBuildFile; fileRef = D06F6A7D2154E20F00997599 /* Main.storyboard */; };
		D06F6A812154E21200997599 /* Assets.xcassets in Resources */ = {isa = PBXBuildFile; fileRef = D06F6A802154E21200997599 /* Assets.xcassets */; };
		D06F6A842154E21200997599 /* LaunchScreen.storyboard in Resources */ = {isa = PBXBuildFile; fileRef = D06F6A822154E21200997599 /* LaunchScreen.storyboard */; };
		D06F6A8F2154E21200997599 /* test_9_21Tests.swift in Sources */ = {isa = PBXBuildFile; fileRef = D06F6A8E2154E21200997599 /* test_9_21Tests.swift */; };
		D06F6A9A2154E21200997599 /* test_9_21UITests.swift in Sources */ = {isa = PBXBuildFile; fileRef = D06F6A992154E21200997599 /* test_9_21UITests.swift */; };
/* End PBXBuildFile section */

/* Begin PBXContainerItemProxy section */
		D06F6A8B2154E21200997599 /* PBXContainerItemProxy */ = {
			isa = PBXContainerItemProxy;
			containerPortal = D06F6A6E2154E20F00997599 /* Project object */;
			proxyType = 1;
			remoteGlobalIDString = D06F6A752154E20F00997599;
			remoteInfo = "test 9 21";
		};
		D06F6A962154E21200997599 /* PBXContainerItemProxy */ = {
			isa = PBXContainerItemProxy;
			containerPortal = D06F6A6E2154E20F00997599 /* Project object */;
			proxyType = 1;
			remoteGlobalIDString = D06F6A752154E20F00997599;
			remoteInfo = "test 9 21";
		};
/* End PBXContainerItemProxy section */

/* Begin PBXFileReference section */
		D06F6A762154E20F00997599 /* test 9 21.app */ = {isa = PBXFileReference; explicitFileType = wrapper.application; includeInIndex = 0; path = "test 9 21.app"; sourceTree = BUILT_PRODUCTS_DIR; };
		D06F6A792154E20F00997599 /* AppDelegate.swift */ = {isa = PBXFileReference; lastKnownFileType = sourcecode.swift; path = AppDelegate.swift; sourceTree = "<group>"; };
		D06F6A7B2154E20F00997599 /* ViewController.swift */ = {isa = PBXFileReference; lastKnownFileType = sourcecode.swift; path = ViewController.swift; sourceTree = "<group>"; };
		D06F6A7E2154E20F00997599 /* Base */ = {isa = PBXFileReference; lastKnownFileType = file.storyboard; name = Base; path = Base.lproj/Main.storyboard; sourceTree = "<group>"; };
		D06F6A802154E21200997599 /* Assets.xcassets */ = {isa = PBXFileReference; lastKnownFileType = folder.assetcatalog; path = Assets.xcassets; sourceTree = "<group>"; };
		D06F6A832154E21200997599 /* Base */ = {isa = PBXFileReference; lastKnownFileType = file.storyboard; name = Base; path = Base.lproj/LaunchScreen.storyboard; sourceTree = "<group>"; };
		D06F6A852154E21200997599 /* Info.plist */ = {isa = PBXFileReference; lastKnownFileType = text.plist.xml; path = Info.plist; sourceTree = "<group>"; };
		D06F6A8A2154E21200997599 /* test 9 21Tests.xctest */ = {isa = PBXFileReference; explicitFileType = wrapper.cfbundle; includeInIndex = 0; path = "test 9 21Tests.xctest"; sourceTree = BUILT_PRODUCTS_DIR; };
		D06F6A8E2154E21200997599 /* test_9_21Tests.swift */ = {isa = PBXFileReference; lastKnownFileType = sourcecode.swift; path = test_9_21Tests.swift; sourceTree = "<group>"; };
		D06F6A902154E21200997599 /* Info.plist */ = {isa = PBXFileReference; lastKnownFileType = text.plist.xml; path = Info.plist; sourceTree = "<group>"; };
		D06F6A952154E21200997599 /* test 9 21UITests.xctest */ = {isa = PBXFileReference; explicitFileType = wrapper.cfbundle; includeInIndex = 0; path = "test 9 21UITests.xctest"; sourceTree = BUILT_PRODUCTS_DIR; };
		D06F6A992154E21200997599 /* test_9_21UITests.swift */ = {isa = PBXFileReference; lastKnownFileType = sourcecode.swift; path = test_9_21UITests.swift; sourceTree = "<group>"; };
		D06F6A9B2154E21200997599 /* Info.plist */ = {isa = PBXFileReference; lastKnownFileType = text.plist.xml; path = Info.plist; sourceTree = "<group>"; };
/* End PBXFileReference section */

/* Begin PBXFrameworksBuildPhase section */
		D06F6A732154E20F00997599 /* Frameworks */ = {
			isa = PBXFrameworksBuildPhase;
			buildActionMask = 2147483647;
			files = (
			);
			runOnlyForDeploymentPostprocessing = 0;
		};
		D06F6A872154E21200997599 /* Frameworks */ = {
			isa = PBXFrameworksBuildPhase;
			buildActionMask = 2147483647;
			files = (
			);
			runOnlyForDeploymentPostprocessing = 0;
		};
		D06F6A922154E21200997599 /* Frameworks */ = {
			isa = PBXFrameworksBuildPhase;
			buildActionMask = 2147483647;
			files = (
			);
			runOnlyForDeploymentPostprocessing = 0;
		};
/* End PBXFrameworksBuildPhase section */

/* Begin PBXGroup section */
		D06F6A6D2154E20F00997599 = {
			isa = PBXGroup;
			children = (
				D06F6A782154E20F00997599 /* test 9 21 */,
				D06F6A8D2154E21200997599 /* test 9 21Tests */,
				D06F6A982154E21200997599 /* test 9 21UITests */,
				D06F6A772154E20F00997599 /* Products */,
			);
			sourceTree = "<group>";
		};
		D06F6A772154E20F00997599 /* Products */ = {
			isa = PBXGroup;
			children = (
				D06F6A762154E20F00997599 /* test 9 21.app */,
				D06F6A8A2154E21200997599 /* test 9 21Tests.xctest */,
				D06F6A952154E21200997599 /* test 9 21UITests.xctest */,
			);
			name = Products;
			sourceTree = "<group>";
		};
		D06F6A782154E20F00997599 /* test 9 21 */ = {
			isa = PBXGroup;
			children = (
				D06F6A792154E20F00997599 /* AppDelegate.swift */,
				D06F6A7B2154E20F00997599 /* ViewController.swift */,
				D06F6A7D2154E20F00997599 /* Main.storyboard */,
				D06F6A802154E21200997599 /* Assets.xcassets */,
				D06F6A822154E21200997599 /* LaunchScreen.storyboard */,
				D06F6A852154E21200997599 /* Info.plist */,
			);
			path = "test 9 21";
			sourceTree = "<group>";
		};
		D06F6A8D2154E21200997599 /* test 9 21Tests */ = {
			isa = PBXGroup;
			children = (
				D06F6A8E2154E21200997599 /* test_9_21Tests.swift */,
				D06F6A902154E21200997599 /* Info.plist */,
			);
			path = "test 9 21Tests";
			sourceTree = "<group>";
		};
		D06F6A982154E21200997599 /* test 9 21UITests */ = {
			isa = PBXGroup;
			children = (
				D06F6A992154E21200997599 /* test_9_21UITests.swift */,
				D06F6A9B2154E21200997599 /* Info.plist */,
			);
			path = "test 9 21UITests";
			sourceTree = "<group>";
		};
/* End PBXGroup section */

/* Begin PBXNativeTarget section */
		D06F6A752154E20F00997599 /* test 9 21 */ = {
			isa = PBXNativeTarget;
			buildConfigurationList = D06F6A9E2154E21200997599 /* Build configuration list for PBXNativeTarget "test 9 21" */;
			buildPhases = (
				D06F6A722154E20F00997599 /* Sources */,
				D06F6A732154E20F00997599 /* Frameworks */,
				D06F6A742154E20F00997599 /* Resources */,
			);
			buildRules = (
			);
			dependencies = (
			);
			name = "test 9 21";
			productName = "test 9 21";
			productReference = D06F6A762154E20F00997599 /* test 9 21.app */;
			productType = "com.apple.product-type.application";
		};
		D06F6A892154E21200997599 /* test 9 21Tests */ = {
			isa = PBXNativeTarget;
			buildConfigurationList = D06F6AA12154E21200997599 /* Build configuration list for PBXNativeTarget "test 9 21Tests" */;
			buildPhases = (
				D06F6A862154E21200997599 /* Sources */,
				D06F6A872154E21200997599 /* Frameworks */,
				D06F6A882154E21200997599 /* Resources */,
			);
			buildRules = (
			);
			dependencies = (
				D06F6A8C2154E21200997599 /* PBXTargetDependency */,
			);
			name = "test 9 21Tests";
			productName = "test 9 21Tests";
			productReference = D06F6A8A2154E21200997599 /* test 9 21Tests.xctest */;
			productType = "com.apple.product-type.bundle.unit-test";
		};
		D06F6A942154E21200997599 /* test 9 21UITests */ = {
			isa = PBXNativeTarget;
			buildConfigurationList = D06F6AA42154E21200997599 /* Build configuration list for PBXNativeTarget "test 9 21UITests" */;
			buildPhases = (
				D06F6A912154E21200997599 /* Sources */,
				D06F6A922154E21200997599 /* Frameworks */,
				D06F6A932154E21200997599 /* Resources */,
			);
			buildRules = (
			);
			dependencies = (
				D06F6A972154E21200997599 /* PBXTargetDependency */,
			);
			name = "test 9 21UITests";
			productName = "test 9 21UITests";
			productReference = D06F6A952154E21200997599 /* test 9 21UITests.xctest */;
			productType = "com.apple.product-type.bundle.ui-testing";
		};
/* End PBXNativeTarget section */

/* Begin PBXProject section */
		D06F6A6E2154E20F00997599 /* Project object */ = {
			isa = PBXProject;
			attributes = {
				LastSwiftUpdateCheck = 1000;
				LastUpgradeCheck = 1000;
				ORGANIZATIONNAME = 20161104587;
				TargetAttributes = {
					D06F6A752154E20F00997599 = {
						CreatedOnToolsVersion = 10.0;
					};
					D06F6A892154E21200997599 = {
						CreatedOnToolsVersion = 10.0;
						TestTargetID = D06F6A752154E20F00997599;
					};
					D06F6A942154E21200997599 = {
						CreatedOnToolsVersion = 10.0;
						TestTargetID = D06F6A752154E20F00997599;
					};
				};
			};
			buildConfigurationList = D06F6A712154E20F00997599 /* Build configuration list for PBXProject "test 9 21" */;
			compatibilityVersion = "Xcode 9.3";
			developmentRegion = en;
			hasScannedForEncodings = 0;
			knownRegions = (
				en,
				Base,
			);
			mainGroup = D06F6A6D2154E20F00997599;
			productRefGroup = D06F6A772154E20F00997599 /* Products */;
			projectDirPath = "";
			projectRoot = "";
			targets = (
				D06F6A752154E20F00997599 /* test 9 21 */,
				D06F6A892154E21200997599 /* test 9 21Tests */,
				D06F6A942154E21200997599 /* test 9 21UITests */,
			);
		};
/* End PBXProject section */

/* Begin PBXResourcesBuildPhase section */
		D06F6A742154E20F00997599 /* Resources */ = {
			isa = PBXResourcesBuildPhase;
			buildActionMask = 2147483647;
			files = (
				D06F6A842154E21200997599 /* LaunchScreen.storyboard in Resources */,
				D06F6A812154E21200997599 /* Assets.xcassets in Resources */,
				D06F6A7F2154E20F00997599 /* Main.storyboard in Resources */,
			);
			runOnlyForDeploymentPostprocessing = 0;
		};
		D06F6A882154E21200997599 /* Resources */ = {
			isa = PBXResourcesBuildPhase;
			buildActionMask = 2147483647;
			files = (
			);
			runOnlyForDeploymentPostprocessing = 0;
		};
		D06F6A932154E21200997599 /* Resources */ = {
			isa = PBXResourcesBuildPhase;
			buildActionMask = 2147483647;
			files = (
			);
			runOnlyForDeploymentPostprocessing = 0;
		};
/* End PBXResourcesBuildPhase section */

/* Begin PBXSourcesBuildPhase section */
		D06F6A722154E20F00997599 /* Sources */ = {
			isa = PBXSourcesBuildPhase;
			buildActionMask = 2147483647;
			files = (
				D06F6A7C2154E20F00997599 /* ViewController.swift in Sources */,
				D06F6A7A2154E20F00997599 /* AppDelegate.swift in Sources */,
			);
			runOnlyForDeploymentPostprocessing = 0;
		};
		D06F6A862154E21200997599 /* Sources */ = {
			isa = PBXSourcesBuildPhase;
			buildActionMask = 2147483647;
			files = (
				D06F6A8F2154E21200997599 /* test_9_21Tests.swift in Sources */,
			);
			runOnlyForDeploymentPostprocessing = 0;
		};
		D06F6A912154E21200997599 /* Sources */ = {
			isa = PBXSourcesBuildPhase;
			buildActionMask = 2147483647;
			files = (
				D06F6A9A2154E21200997599 /* test_9_21UITests.swift in Sources */,
			);
			runOnlyForDeploymentPostprocessing = 0;
		};
/* End PBXSourcesBuildPhase section */

/* Begin PBXTargetDependency section */
		D06F6A8C2154E21200997599 /* PBXTargetDependency */ = {
			isa = PBXTargetDependency;
			target = D06F6A752154E20F00997599 /* test 9 21 */;
			targetProxy = D06F6A8B2154E21200997599 /* PBXContainerItemProxy */;
		};
		D06F6A972154E21200997599 /* PBXTargetDependency */ = {
			isa = PBXTargetDependency;
			target = D06F6A752154E20F00997599 /* test 9 21 */;
			targetProxy = D06F6A962154E21200997599 /* PBXContainerItemProxy */;
		};
/* End PBXTargetDependency section */

/* Begin PBXVariantGroup section */
		D06F6A7D2154E20F00997599 /* Main.storyboard */ = {
			isa = PBXVariantGroup;
			children = (
				D06F6A7E2154E20F00997599 /* Base */,
			);
			name = Main.storyboard;
			sourceTree = "<group>";
		};
		D06F6A822154E21200997599 /* LaunchScreen.storyboard */ = {
			isa = PBXVariantGroup;
			children = (
				D06F6A832154E21200997599 /* Base */,
			);
			name = LaunchScreen.storyboard;
			sourceTree = "<group>";
		};
/* End PBXVariantGroup section */

/* Begin XCBuildConfiguration section */
		D06F6A9C2154E21200997599 /* Debug */ = {
			isa = XCBuildConfiguration;
			buildSettings = {
				ALWAYS_SEARCH_USER_PATHS = NO;
				CLANG_ANALYZER_NONNULL = YES;
				CLANG_ANALYZER_NUMBER_OBJECT_CONVERSION = YES_AGGRESSIVE;
				CLANG_CXX_LANGUAGE_STANDARD = "gnu++14";
				CLANG_CXX_LIBRARY = "libc++";
				CLANG_ENABLE_MODULES = YES;
				CLANG_ENABLE_OBJC_ARC = YES;
				CLANG_ENABLE_OBJC_WEAK = YES;
				CLANG_WARN_BLOCK_CAPTURE_AUTORELEASING = YES;
				CLANG_WARN_BOOL_CONVERSION = YES;
				CLANG_WARN_COMMA = YES;
				CLANG_WARN_CONSTANT_CONVERSION = YES;
				CLANG_WARN_DEPRECATED_OBJC_IMPLEMENTATIONS = YES;
				CLANG_WARN_DIRECT_OBJC_ISA_USAGE = YES_ERROR;
				CLANG_WARN_DOCUMENTATION_COMMENTS = YES;
				CLANG_WARN_EMPTY_BODY = YES;
				CLANG_WARN_ENUM_CONVERSION = YES;
				CLANG_WARN_INFINITE_RECURSION = YES;
				CLANG_WARN_INT_CONVERSION = YES;
				CLANG_WARN_NON_LITERAL_NULL_CONVERSION = YES;
				CLANG_WARN_OBJC_IMPLICIT_RETAIN_SELF = YES;
				CLANG_WARN_OBJC_LITERAL_CONVERSION = YES;
				CLANG_WARN_OBJC_ROOT_CLASS = YES_ERROR;
				CLANG_WARN_RANGE_LOOP_ANALYSIS = YES;
				CLANG_WARN_STRICT_PROTOTYPES = YES;
				CLANG_WARN_SUSPICIOUS_MOVE = YES;
				CLANG_WARN_UNGUARDED_AVAILABILITY = YES_AGGRESSIVE;
				CLANG_WARN_UNREACHABLE_CODE = YES;
				CLANG_WARN__DUPLICATE_METHOD_MATCH = YES;
				CODE_SIGN_IDENTITY = "iPhone Developer";
				COPY_PHASE_STRIP = NO;
				DEBUG_INFORMATION_FORMAT = dwarf;
				ENABLE_STRICT_OBJC_MSGSEND = YES;
				ENABLE_TESTABILITY = YES;
				GCC_C_LANGUAGE_STANDARD = gnu11;
				GCC_DYNAMIC_NO_PIC = NO;
				GCC_NO_COMMON_BLOCKS = YES;
				GCC_OPTIMIZATION_LEVEL = 0;
				GCC_PREPROCESSOR_DEFINITIONS = (
					"DEBUG=1",
					"$(inherited)",
				);
				GCC_WARN_64_TO_32_BIT_CONVERSION = YES;
				GCC_WARN_ABOUT_RETURN_TYPE = YES_ERROR;
				GCC_WARN_UNDECLARED_SELECTOR = YES;
				GCC_WARN_UNINITIALIZED_AUTOS = YES_AGGRESSIVE;
				GCC_WARN_UNUSED_FUNCTION = YES;
				GCC_WARN_UNUSED_VARIABLE = YES;
				IPHONEOS_DEPLOYMENT_TARGET = 12.0;
				MTL_ENABLE_DEBUG_INFO = INCLUDE_SOURCE;
				MTL_FAST_MATH = YES;
				ONLY_ACTIVE_ARCH = YES;
				SDKROOT = iphoneos;
				SWIFT_ACTIVE_COMPILATION_CONDITIONS = DEBUG;
				SWIFT_OPTIMIZATION_LEVEL = "-Onone";
			};
			name = Debug;
		};
		D06F6A9D2154E21200997599 /* Release */ = {
			isa = XCBuildConfiguration;
			buildSettings = {
				ALWAYS_SEARCH_USER_PATHS = NO;
				CLANG_ANALYZER_NONNULL = YES;
				CLANG_ANALYZER_NUMBER_OBJECT_CONVERSION = YES_AGGRESSIVE;
				CLANG_CXX_LANGUAGE_STANDARD = "gnu++14";
				CLANG_CXX_LIBRARY = "libc++";
				CLANG_ENABLE_MODULES = YES;
				CLANG_ENABLE_OBJC_ARC = YES;
				CLANG_ENABLE_OBJC_WEAK = YES;
				CLANG_WARN_BLOCK_CAPTURE_AUTORELEASING = YES;
				CLANG_WARN_BOOL_CONVERSION = YES;
				CLANG_WARN_COMMA = YES;
				CLANG_WARN_CONSTANT_CONVERSION = YES;
				CLANG_WARN_DEPRECATED_OBJC_IMPLEMENTATIONS = YES;
				CLANG_WARN_DIRECT_OBJC_ISA_USAGE = YES_ERROR;
				CLANG_WARN_DOCUMENTATION_COMMENTS = YES;
				CLANG_WARN_EMPTY_BODY = YES;
				CLANG_WARN_ENUM_CONVERSION = YES;
				CLANG_WARN_INFINITE_RECURSION = YES;
				CLANG_WARN_INT_CONVERSION = YES;
				CLANG_WARN_NON_LITERAL_NULL_CONVERSION = YES;
				CLANG_WARN_OBJC_IMPLICIT_RETAIN_SELF = YES;
				CLANG_WARN_OBJC_LITERAL_CONVERSION = YES;
				CLANG_WARN_OBJC_ROOT_CLASS = YES_ERROR;
				CLANG_WARN_RANGE_LOOP_ANALYSIS = YES;
				CLANG_WARN_STRICT_PROTOTYPES = YES;
				CLANG_WARN_SUSPICIOUS_MOVE = YES;
				CLANG_WARN_UNGUARDED_AVAILABILITY = YES_AGGRESSIVE;
				CLANG_WARN_UNREACHABLE_CODE = YES;
				CLANG_WARN__DUPLICATE_METHOD_MATCH = YES;
				CODE_SIGN_IDENTITY = "iPhone Developer";
				COPY_PHASE_STRIP = NO;
				DEBUG_INFORMATION_FORMAT = "dwarf-with-dsym";
				ENABLE_NS_ASSERTIONS = NO;
				ENABLE_STRICT_OBJC_MSGSEND = YES;
				GCC_C_LANGUAGE_STANDARD = gnu11;
				GCC_NO_COMMON_BLOCKS = YES;
				GCC_WARN_64_TO_32_BIT_CONVERSION = YES;
				GCC_WARN_ABOUT_RETURN_TYPE = YES_ERROR;
				GCC_WARN_UNDECLARED_SELECTOR = YES;
				GCC_WARN_UNINITIALIZED_AUTOS = YES_AGGRESSIVE;
				GCC_WARN_UNUSED_FUNCTION = YES;
				GCC_WARN_UNUSED_VARIABLE = YES;
				IPHONEOS_DEPLOYMENT_TARGET = 12.0;
				MTL_ENABLE_DEBUG_INFO = NO;
				MTL_FAST_MATH = YES;
				SDKROOT = iphoneos;
				SWIFT_COMPILATION_MODE = wholemodule;
				SWIFT_OPTIMIZATION_LEVEL = "-O";
				VALIDATE_PRODUCT = YES;
			};
			name = Release;
		};
		D06F6A9F2154E21200997599 /* Debug */ = {
			isa = XCBuildConfiguration;
			buildSettings = {
				ASSETCATALOG_COMPILER_APPICON_NAME = AppIcon;
				CODE_SIGN_STYLE = Automatic;
				INFOPLIST_FILE = "test 9 21/Info.plist";
				LD_RUNPATH_SEARCH_PATHS = (
					"$(inherited)",
					"@executable_path/Frameworks",
				);
				PRODUCT_BUNDLE_IDENTIFIER = "-1.test-9-21";
				PRODUCT_NAME = "$(TARGET_NAME)";
				SWIFT_VERSION = 4.2;
				TARGETED_DEVICE_FAMILY = "1,2";
			};
			name = Debug;
		};
		D06F6AA02154E21200997599 /* Release */ = {
			isa = XCBuildConfiguration;
			buildSettings = {
				ASSETCATALOG_COMPILER_APPICON_NAME = AppIcon;
				CODE_SIGN_STYLE = Automatic;
				INFOPLIST_FILE = "test 9 21/Info.plist";
				LD_RUNPATH_SEARCH_PATHS = (
					"$(inherited)",
					"@executable_path/Frameworks",
				);
				PRODUCT_BUNDLE_IDENTIFIER = "-1.test-9-21";
				PRODUCT_NAME = "$(TARGET_NAME)";
				SWIFT_VERSION = 4.2;
				TARGETED_DEVICE_FAMILY = "1,2";
			};
			name = Release;
		};
		D06F6AA22154E21200997599 /* Debug */ = {
			isa = XCBuildConfiguration;
			buildSettings = {
				ALWAYS_EMBED_SWIFT_STANDARD_LIBRARIES = YES;
				BUNDLE_LOADER = "$(TEST_HOST)";
				CODE_SIGN_STYLE = Automatic;
				INFOPLIST_FILE = "test 9 21Tests/Info.plist";
				LD_RUNPATH_SEARCH_PATHS = (
					"$(inherited)",
					"@executable_path/Frameworks",
					"@loader_path/Frameworks",
				);
				PRODUCT_BUNDLE_IDENTIFIER = "-1.test-9-21Tests";
				PRODUCT_NAME = "$(TARGET_NAME)";
				SWIFT_VERSION = 4.2;
				TARGETED_DEVICE_FAMILY = "1,2";
				TEST_HOST = "$(BUILT_PRODUCTS_DIR)/test 9 21.app/test 9 21";
			};
			name = Debug;
		};
		D06F6AA32154E21200997599 /* Release */ = {
			isa = XCBuildConfiguration;
			buildSettings = {
				ALWAYS_EMBED_SWIFT_STANDARD_LIBRARIES = YES;
				BUNDLE_LOADER = "$(TEST_HOST)";
				CODE_SIGN_STYLE = Automatic;
				INFOPLIST_FILE = "test 9 21Tests/Info.plist";
				LD_RUNPATH_SEARCH_PATHS = (
					"$(inherited)",
					"@executable_path/Frameworks",
					"@loader_path/Frameworks",
				);
				PRODUCT_BUNDLE_IDENTIFIER = "-1.test-9-21Tests";
				PRODUCT_NAME = "$(TARGET_NAME)";
				SWIFT_VERSION = 4.2;
				TARGETED_DEVICE_FAMILY = "1,2";
				TEST_HOST = "$(BUILT_PRODUCTS_DIR)/test 9 21.app/test 9 21";
			};
			name = Release;
		};
		D06F6AA52154E21200997599 /* Debug */ = {
			isa = XCBuildConfiguration;
			buildSettings = {
				ALWAYS_EMBED_SWIFT_STANDARD_LIBRARIES = YES;
				CODE_SIGN_STYLE = Automatic;
				INFOPLIST_FILE = "test 9 21UITests/Info.plist";
				LD_RUNPATH_SEARCH_PATHS = (
					"$(inherited)",
					"@executable_path/Frameworks",
					"@loader_path/Frameworks",
				);
				PRODUCT_BUNDLE_IDENTIFIER = "-1.test-9-21UITests";
				PRODUCT_NAME = "$(TARGET_NAME)";
				SWIFT_VERSION = 4.2;
				TARGETED_DEVICE_FAMILY = "1,2";
				TEST_TARGET_NAME = "test 9 21";
			};
			name = Debug;
		};
		D06F6AA62154E21200997599 /* Release */ = {
			isa = XCBuildConfiguration;
			buildSettings = {
				ALWAYS_EMBED_SWIFT_STANDARD_LIBRARIES = YES;
				CODE_SIGN_STYLE = Automatic;
				INFOPLIST_FILE = "test 9 21UITests/Info.plist";
				LD_RUNPATH_SEARCH_PATHS = (
					"$(inherited)",
					"@executable_path/Frameworks",
					"@loader_path/Frameworks",
				);
				PRODUCT_BUNDLE_IDENTIFIER = "-1.test-9-21UITests";
				PRODUCT_NAME = "$(TARGET_NAME)";
				SWIFT_VERSION = 4.2;
				TARGETED_DEVICE_FAMILY = "1,2";
				TEST_TARGET_NAME = "test 9 21";
			};
			name = Release;
		};
/* End XCBuildConfiguration section */

/* Begin XCConfigurationList section */
		D06F6A712154E20F00997599 /* Build configuration list for PBXProject "test 9 21" */ = {
			isa = XCConfigurationList;
			buildConfigurations = (
				D06F6A9C2154E21200997599 /* Debug */,
				D06F6A9D2154E21200997599 /* Release */,
			);
			defaultConfigurationIsVisible = 0;
			defaultConfigurationName = Release;
		};
		D06F6A9E2154E21200997599 /* Build configuration list for PBXNativeTarget "test 9 21" */ = {
			isa = XCConfigurationList;
			buildConfigurations = (
				D06F6A9F2154E21200997599 /* Debug */,
				D06F6AA02154E21200997599 /* Release */,
			);
			defaultConfigurationIsVisible = 0;
			defaultConfigurationName = Release;
		};
		D06F6AA12154E21200997599 /* Build configuration list for PBXNativeTarget "test 9 21Tests" */ = {
			isa = XCConfigurationList;
			buildConfigurations = (
				D06F6AA22154E21200997599 /* Debug */,
				D06F6AA32154E21200997599 /* Release */,
			);
			defaultConfigurationIsVisible = 0;
			defaultConfigurationName = Release;
		};
		D06F6AA42154E21200997599 /* Build configuration list for PBXNativeTarget "test 9 21UITests" */ = {
			isa = XCConfigurationList;
			buildConfigurations = (
				D06F6AA52154E21200997599 /* Debug */,
				D06F6AA62154E21200997599 /* Release */,
			);
			defaultConfigurationIsVisible = 0;
			defaultConfigurationName = Release;
		};
/* End XCConfigurationList section */
	};
	rootObject = D06F6A6E2154E20F00997599 /* Project object */;
}
